// !$*UTF8*$!
{
	archiveVersion = 1;
	classes = {
	};
	objectVersion = 56;
	objects = {

/* Begin PBXBuildFile section */
		39E5CB602CAB50F600EE9FA1 /* MusicComposerAppApp.swift in Sources */ = {isa = PBXBuildFile; fileRef = 39E5CB5F2CAB50F600EE9FA1 /* MusicComposerAppApp.swift */; };
		39E5CB622CAB50F600EE9FA1 /* ContentView.swift in Sources */ = {isa = PBXBuildFile; fileRef = 39E5CB612CAB50F600EE9FA1 /* ContentView.swift */; };
		39E5CB642CAB50F800EE9FA1 /* Assets.xcassets in Resources */ = {isa = PBXBuildFile; fileRef = 39E5CB632CAB50F800EE9FA1 /* Assets.xcassets */; };
		39E5CB672CAB50F800EE9FA1 /* Preview Assets.xcassets in Resources */ = {isa = PBXBuildFile; fileRef = 39E5CB662CAB50F800EE9FA1 /* Preview Assets.xcassets */; };
		39E5CB712CAB50F800EE9FA1 /* MusicComposerAppTests.swift in Sources */ = {isa = PBXBuildFile; fileRef = 39E5CB702CAB50F800EE9FA1 /* MusicComposerAppTests.swift */; };
		39E5CB7B2CAB50F800EE9FA1 /* MusicComposerAppUITests.swift in Sources */ = {isa = PBXBuildFile; fileRef = 39E5CB7A2CAB50F800EE9FA1 /* MusicComposerAppUITests.swift */; };
		39E5CB7D2CAB50F800EE9FA1 /* MusicComposerAppUITestsLaunchTests.swift in Sources */ = {isa = PBXBuildFile; fileRef = 39E5CB7C2CAB50F800EE9FA1 /* MusicComposerAppUITestsLaunchTests.swift */; };
/* End PBXBuildFile section */

/* Begin PBXContainerItemProxy section */
		39E5CB6D2CAB50F800EE9FA1 /* PBXContainerItemProxy */ = {
			isa = PBXContainerItemProxy;
			containerPortal = 39E5CB542CAB50F600EE9FA1 /* Project object */;
			proxyType = 1;
			remoteGlobalIDString = 39E5CB5B2CAB50F600EE9FA1;
			remoteInfo = MusicComposerApp;
		};
		39E5CB772CAB50F800EE9FA1 /* PBXContainerItemProxy */ = {
			isa = PBXContainerItemProxy;
			containerPortal = 39E5CB542CAB50F600EE9FA1 /* Project object */;
			proxyType = 1;
			remoteGlobalIDString = 39E5CB5B2CAB50F600EE9FA1;
			remoteInfo = MusicComposerApp;
		};
/* End PBXContainerItemProxy section */

/* Begin PBXFileReference section */
		39E5CB5C2CAB50F600EE9FA1 /* MusicComposerApp.app */ = {isa = PBXFileReference; explicitFileType = wrapper.application; includeInIndex = 0; path = MusicComposerApp.app; sourceTree = BUILT_PRODUCTS_DIR; };
		39E5CB5F2CAB50F600EE9FA1 /* MusicComposerAppApp.swift */ = {isa = PBXFileReference; lastKnownFileType = sourcecode.swift; path = MusicComposerAppApp.swift; sourceTree = "<group>"; };
		39E5CB612CAB50F600EE9FA1 /* ContentView.swift */ = {isa = PBXFileReference; lastKnownFileType = sourcecode.swift; path = ContentView.swift; sourceTree = "<group>"; };
		39E5CB632CAB50F800EE9FA1 /* Assets.xcassets */ = {isa = PBXFileReference; lastKnownFileType = folder.assetcatalog; path = Assets.xcassets; sourceTree = "<group>"; };
		39E5CB662CAB50F800EE9FA1 /* Preview Assets.xcassets */ = {isa = PBXFileReference; lastKnownFileType = folder.assetcatalog; path = "Preview Assets.xcassets"; sourceTree = "<group>"; };
		39E5CB6C2CAB50F800EE9FA1 /* MusicComposerAppTests.xctest */ = {isa = PBXFileReference; explicitFileType = wrapper.cfbundle; includeInIndex = 0; path = MusicComposerAppTests.xctest; sourceTree = BUILT_PRODUCTS_DIR; };
		39E5CB702CAB50F800EE9FA1 /* MusicComposerAppTests.swift */ = {isa = PBXFileReference; lastKnownFileType = sourcecode.swift; path = MusicComposerAppTests.swift; sourceTree = "<group>"; };
		39E5CB762CAB50F800EE9FA1 /* MusicComposerAppUITests.xctest */ = {isa = PBXFileReference; explicitFileType = wrapper.cfbundle; includeInIndex = 0; path = MusicComposerAppUITests.xctest; sourceTree = BUILT_PRODUCTS_DIR; };
		39E5CB7A2CAB50F800EE9FA1 /* MusicComposerAppUITests.swift */ = {isa = PBXFileReference; lastKnownFileType = sourcecode.swift; path = MusicComposerAppUITests.swift; sourceTree = "<group>"; };
		39E5CB7C2CAB50F800EE9FA1 /* MusicComposerAppUITestsLaunchTests.swift */ = {isa = PBXFileReference; lastKnownFileType = sourcecode.swift; path = MusicComposerAppUITestsLaunchTests.swift; sourceTree = "<group>"; };
/* End PBXFileReference section */

/* Begin PBXFrameworksBuildPhase section */
		39E5CB592CAB50F600EE9FA1 /* Frameworks */ = {
			isa = PBXFrameworksBuildPhase;
			buildActionMask = 2147483647;
			files = (
			);
			runOnlyForDeploymentPostprocessing = 0;
		};
		39E5CB692CAB50F800EE9FA1 /* Frameworks */ = {
			isa = PBXFrameworksBuildPhase;
			buildActionMask = 2147483647;
			files = (
			);
			runOnlyForDeploymentPostprocessing = 0;
		};
		39E5CB732CAB50F800EE9FA1 /* Frameworks */ = {
			isa = PBXFrameworksBuildPhase;
			buildActionMask = 2147483647;
			files = (
			);
			runOnlyForDeploymentPostprocessing = 0;
		};
/* End PBXFrameworksBuildPhase section */

/* Begin PBXGroup section */
		39E5CB532CAB50F600EE9FA1 = {
			isa = PBXGroup;
			children = (
				39E5CB5E2CAB50F600EE9FA1 /* MusicComposerApp */,
				39E5CB6F2CAB50F800EE9FA1 /* MusicComposerAppTests */,
				39E5CB792CAB50F800EE9FA1 /* MusicComposerAppUITests */,
				39E5CB5D2CAB50F600EE9FA1 /* Products */,
			);
			sourceTree = "<group>";
		};
		39E5CB5D2CAB50F600EE9FA1 /* Products */ = {
			isa = PBXGroup;
			children = (
				39E5CB5C2CAB50F600EE9FA1 /* MusicComposerApp.app */,
				39E5CB6C2CAB50F800EE9FA1 /* MusicComposerAppTests.xctest */,
				39E5CB762CAB50F800EE9FA1 /* MusicComposerAppUITests.xctest */,
			);
			name = Products;
			sourceTree = "<group>";
		};
		39E5CB5E2CAB50F600EE9FA1 /* MusicComposerApp */ = {
			isa = PBXGroup;
			children = (
				39E5CB5F2CAB50F600EE9FA1 /* MusicComposerAppApp.swift */,
				39E5CB612CAB50F600EE9FA1 /* ContentView.swift */,
				39E5CB632CAB50F800EE9FA1 /* Assets.xcassets */,
				39E5CB652CAB50F800EE9FA1 /* Preview Content */,
			);
			path = MusicComposerApp;
			sourceTree = "<group>";
		};
		39E5CB652CAB50F800EE9FA1 /* Preview Content */ = {
			isa = PBXGroup;
			children = (
				39E5CB662CAB50F800EE9FA1 /* Preview Assets.xcassets */,
			);
			path = "Preview Content";
			sourceTree = "<group>";
		};
		39E5CB6F2CAB50F800EE9FA1 /* MusicComposerAppTests */ = {
			isa = PBXGroup;
			children = (
				39E5CB702CAB50F800EE9FA1 /* MusicComposerAppTests.swift */,
			);
			path = MusicComposerAppTests;
			sourceTree = "<group>";
		};
		39E5CB792CAB50F800EE9FA1 /* MusicComposerAppUITests */ = {
			isa = PBXGroup;
			children = (
				39E5CB7A2CAB50F800EE9FA1 /* MusicComposerAppUITests.swift */,
				39E5CB7C2CAB50F800EE9FA1 /* MusicComposerAppUITestsLaunchTests.swift */,
			);
			path = MusicComposerAppUITests;
			sourceTree = "<group>";
		};
/* End PBXGroup section */

/* Begin PBXNativeTarget section */
		39E5CB5B2CAB50F600EE9FA1 /* MusicComposerApp */ = {
			isa = PBXNativeTarget;
			buildConfigurationList = 39E5CB802CAB50F800EE9FA1 /* Build configuration list for PBXNativeTarget "MusicComposerApp" */;
			buildPhases = (
				39E5CB582CAB50F600EE9FA1 /* Sources */,
				39E5CB592CAB50F600EE9FA1 /* Frameworks */,
				39E5CB5A2CAB50F600EE9FA1 /* Resources */,
			);
			buildRules = (
			);
			dependencies = (
			);
			name = MusicComposerApp;
			productName = MusicComposerApp;
			productReference = 39E5CB5C2CAB50F600EE9FA1 /* MusicComposerApp.app */;
			productType = "com.apple.product-type.application";
		};
		39E5CB6B2CAB50F800EE9FA1 /* MusicComposerAppTests */ = {
			isa = PBXNativeTarget;
			buildConfigurationList = 39E5CB832CAB50F800EE9FA1 /* Build configuration list for PBXNativeTarget "MusicComposerAppTests" */;
			buildPhases = (
				39E5CB682CAB50F800EE9FA1 /* Sources */,
				39E5CB692CAB50F800EE9FA1 /* Frameworks */,
				39E5CB6A2CAB50F800EE9FA1 /* Resources */,
			);
			buildRules = (
			);
			dependencies = (
				39E5CB6E2CAB50F800EE9FA1 /* PBXTargetDependency */,
			);
			name = MusicComposerAppTests;
			productName = MusicComposerAppTests;
			productReference = 39E5CB6C2CAB50F800EE9FA1 /* MusicComposerAppTests.xctest */;
			productType = "com.apple.product-type.bundle.unit-test";
		};
		39E5CB752CAB50F800EE9FA1 /* MusicComposerAppUITests */ = {
			isa = PBXNativeTarget;
			buildConfigurationList = 39E5CB862CAB50F800EE9FA1 /* Build configuration list for PBXNativeTarget "MusicComposerAppUITests" */;
			buildPhases = (
				39E5CB722CAB50F800EE9FA1 /* Sources */,
				39E5CB732CAB50F800EE9FA1 /* Frameworks */,
				39E5CB742CAB50F800EE9FA1 /* Resources */,
			);
			buildRules = (
			);
			dependencies = (
				39E5CB782CAB50F800EE9FA1 /* PBXTargetDependency */,
			);
			name = MusicComposerAppUITests;
			productName = MusicComposerAppUITests;
			productReference = 39E5CB762CAB50F800EE9FA1 /* MusicComposerAppUITests.xctest */;
			productType = "com.apple.product-type.bundle.ui-testing";
		};
/* End PBXNativeTarget section */

/* Begin PBXProject section */
		39E5CB542CAB50F600EE9FA1 /* Project object */ = {
			isa = PBXProject;
			attributes = {
				BuildIndependentTargetsInParallel = 1;
				LastSwiftUpdateCheck = 1540;
				LastUpgradeCheck = 1540;
				TargetAttributes = {
					39E5CB5B2CAB50F600EE9FA1 = {
						CreatedOnToolsVersion = 15.4;
					};
					39E5CB6B2CAB50F800EE9FA1 = {
						CreatedOnToolsVersion = 15.4;
						TestTargetID = 39E5CB5B2CAB50F600EE9FA1;
					};
					39E5CB752CAB50F800EE9FA1 = {
						CreatedOnToolsVersion = 15.4;
						TestTargetID = 39E5CB5B2CAB50F600EE9FA1;
					};
				};
			};
			buildConfigurationList = 39E5CB572CAB50F600EE9FA1 /* Build configuration list for PBXProject "MusicComposerApp" */;
			compatibilityVersion = "Xcode 14.0";
			developmentRegion = en;
			hasScannedForEncodings = 0;
			knownRegions = (
				en,
				Base,
			);
			mainGroup = 39E5CB532CAB50F600EE9FA1;
			productRefGroup = 39E5CB5D2CAB50F600EE9FA1 /* Products */;
			projectDirPath = "";
			projectRoot = "";
			targets = (
				39E5CB5B2CAB50F600EE9FA1 /* MusicComposerApp */,
				39E5CB6B2CAB50F800EE9FA1 /* MusicComposerAppTests */,
				39E5CB752CAB50F800EE9FA1 /* MusicComposerAppUITests */,
			);
		};
/* End PBXProject section */

/* Begin PBXResourcesBuildPhase section */
		39E5CB5A2CAB50F600EE9FA1 /* Resources */ = {
			isa = PBXResourcesBuildPhase;
			buildActionMask = 2147483647;
			files = (
				39E5CB672CAB50F800EE9FA1 /* Preview Assets.xcassets in Resources */,
				39E5CB642CAB50F800EE9FA1 /* Assets.xcassets in Resources */,
			);
			runOnlyForDeploymentPostprocessing = 0;
		};
		39E5CB6A2CAB50F800EE9FA1 /* Resources */ = {
			isa = PBXResourcesBuildPhase;
			buildActionMask = 2147483647;
			files = (
			);
			runOnlyForDeploymentPostprocessing = 0;
		};
		39E5CB742CAB50F800EE9FA1 /* Resources */ = {
			isa = PBXResourcesBuildPhase;
			buildActionMask = 2147483647;
			files = (
			);
			runOnlyForDeploymentPostprocessing = 0;
		};
/* End PBXResourcesBuildPhase section */

/* Begin PBXSourcesBuildPhase section */
		39E5CB582CAB50F600EE9FA1 /* Sources */ = {
			isa = PBXSourcesBuildPhase;
			buildActionMask = 2147483647;
			files = (
				39E5CB622CAB50F600EE9FA1 /* ContentView.swift in Sources */,
				39E5CB602CAB50F600EE9FA1 /* MusicComposerAppApp.swift in Sources */,
			);
			runOnlyForDeploymentPostprocessing = 0;
		};
		39E5CB682CAB50F800EE9FA1 /* Sources */ = {
			isa = PBXSourcesBuildPhase;
			buildActionMask = 2147483647;
			files = (
				39E5CB712CAB50F800EE9FA1 /* MusicComposerAppTests.swift in Sources */,
			);
			runOnlyForDeploymentPostprocessing = 0;
		};
		39E5CB722CAB50F800EE9FA1 /* Sources */ = {
			isa = PBXSourcesBuildPhase;
			buildActionMask = 2147483647;
			files = (
				39E5CB7D2CAB50F800EE9FA1 /* MusicComposerAppUITestsLaunchTests.swift in Sources */,
				39E5CB7B2CAB50F800EE9FA1 /* MusicComposerAppUITests.swift in Sources */,
			);
			runOnlyForDeploymentPostprocessing = 0;
		};
/* End PBXSourcesBuildPhase section */

/* Begin PBXTargetDependency section */
		39E5CB6E2CAB50F800EE9FA1 /* PBXTargetDependency */ = {
			isa = PBXTargetDependency;
			target = 39E5CB5B2CAB50F600EE9FA1 /* MusicComposerApp */;
			targetProxy = 39E5CB6D2CAB50F800EE9FA1 /* PBXContainerItemProxy */;
		};
		39E5CB782CAB50F800EE9FA1 /* PBXTargetDependency */ = {
			isa = PBXTargetDependency;
			target = 39E5CB5B2CAB50F600EE9FA1 /* MusicComposerApp */;
			targetProxy = 39E5CB772CAB50F800EE9FA1 /* PBXContainerItemProxy */;
		};
/* End PBXTargetDependency section */

/* Begin XCBuildConfiguration section */
		39E5CB7E2CAB50F800EE9FA1 /* Debug */ = {
			isa = XCBuildConfiguration;
			buildSettings = {
				ALWAYS_SEARCH_USER_PATHS = NO;
				ASSETCATALOG_COMPILER_GENERATE_SWIFT_ASSET_SYMBOL_EXTENSIONS = YES;
				CLANG_ANALYZER_NONNULL = YES;
				CLANG_ANALYZER_NUMBER_OBJECT_CONVERSION = YES_AGGRESSIVE;
				CLANG_CXX_LANGUAGE_STANDARD = "gnu++20";
				CLANG_ENABLE_MODULES = YES;
				CLANG_ENABLE_OBJC_ARC = YES;
				CLANG_ENABLE_OBJC_WEAK = YES;
				CLANG_WARN_BLOCK_CAPTURE_AUTORELEASING = YES;
				CLANG_WARN_BOOL_CONVERSION = YES;
				CLANG_WARN_COMMA = YES;
				CLANG_WARN_CONSTANT_CONVERSION = YES;
				CLANG_WARN_DEPRECATED_OBJC_IMPLEMENTATIONS = YES;
				CLANG_WARN_DIRECT_OBJC_ISA_USAGE = YES_ERROR;
				CLANG_WARN_DOCUMENTATION_COMMENTS = YES;
				CLANG_WARN_EMPTY_BODY = YES;
				CLANG_WARN_ENUM_CONVERSION = YES;
				CLANG_WARN_INFINITE_RECURSION = YES;
				CLANG_WARN_INT_CONVERSION = YES;
				CLANG_WARN_NON_LITERAL_NULL_CONVERSION = YES;
				CLANG_WARN_OBJC_IMPLICIT_RETAIN_SELF = YES;
				CLANG_WARN_OBJC_LITERAL_CONVERSION = YES;
				CLANG_WARN_OBJC_ROOT_CLASS = YES_ERROR;
				CLANG_WARN_QUOTED_INCLUDE_IN_FRAMEWORK_HEADER = YES;
				CLANG_WARN_RANGE_LOOP_ANALYSIS = YES;
				CLANG_WARN_STRICT_PROTOTYPES = YES;
				CLANG_WARN_SUSPICIOUS_MOVE = YES;
				CLANG_WARN_UNGUARDED_AVAILABILITY = YES_AGGRESSIVE;
				CLANG_WARN_UNREACHABLE_CODE = YES;
				CLANG_WARN__DUPLICATE_METHOD_MATCH = YES;
				COPY_PHASE_STRIP = NO;
				DEBUG_INFORMATION_FORMAT = dwarf;
				ENABLE_STRICT_OBJC_MSGSEND = YES;
				ENABLE_TESTABILITY = YES;
				ENABLE_USER_SCRIPT_SANDBOXING = YES;
				GCC_C_LANGUAGE_STANDARD = gnu17;
				GCC_DYNAMIC_NO_PIC = NO;
				GCC_NO_COMMON_BLOCKS = YES;
				GCC_OPTIMIZATION_LEVEL = 0;
				GCC_PREPROCESSOR_DEFINITIONS = (
					"DEBUG=1",
					"$(inherited)",
				);
				GCC_WARN_64_TO_32_BIT_CONVERSION = YES;
				GCC_WARN_ABOUT_RETURN_TYPE = YES_ERROR;
				GCC_WARN_UNDECLARED_SELECTOR = YES;
				GCC_WARN_UNINITIALIZED_AUTOS = YES_AGGRESSIVE;
				GCC_WARN_UNUSED_FUNCTION = YES;
				GCC_WARN_UNUSED_VARIABLE = YES;
				IPHONEOS_DEPLOYMENT_TARGET = 17.5;
				LOCALIZATION_PREFERS_STRING_CATALOGS = YES;
				MTL_ENABLE_DEBUG_INFO = INCLUDE_SOURCE;
				MTL_FAST_MATH = YES;
				ONLY_ACTIVE_ARCH = YES;
				SDKROOT = iphoneos;
				SWIFT_ACTIVE_COMPILATION_CONDITIONS = "DEBUG $(inherited)";
				SWIFT_OPTIMIZATION_LEVEL = "-Onone";
			};
			name = Debug;
		};
		39E5CB7F2CAB50F800EE9FA1 /* Release */ = {
			isa = XCBuildConfiguration;
			buildSettings = {
				ALWAYS_SEARCH_USER_PATHS = NO;
				ASSETCATALOG_COMPILER_GENERATE_SWIFT_ASSET_SYMBOL_EXTENSIONS = YES;
				CLANG_ANALYZER_NONNULL = YES;
				CLANG_ANALYZER_NUMBER_OBJECT_CONVERSION = YES_AGGRESSIVE;
				CLANG_CXX_LANGUAGE_STANDARD = "gnu++20";
				CLANG_ENABLE_MODULES = YES;
				CLANG_ENABLE_OBJC_ARC = YES;
				CLANG_ENABLE_OBJC_WEAK = YES;
				CLANG_WARN_BLOCK_CAPTURE_AUTORELEASING = YES;
				CLANG_WARN_BOOL_CONVERSION = YES;
				CLANG_WARN_COMMA = YES;
				CLANG_WARN_CONSTANT_CONVERSION = YES;
				CLANG_WARN_DEPRECATED_OBJC_IMPLEMENTATIONS = YES;
				CLANG_WARN_DIRECT_OBJC_ISA_USAGE = YES_ERROR;
				CLANG_WARN_DOCUMENTATION_COMMENTS = YES;
				CLANG_WARN_EMPTY_BODY = YES;
				CLANG_WARN_ENUM_CONVERSION = YES;
				CLANG_WARN_INFINITE_RECURSION = YES;
				CLANG_WARN_INT_CONVERSION = YES;
				CLANG_WARN_NON_LITERAL_NULL_CONVERSION = YES;
				CLANG_WARN_OBJC_IMPLICIT_RETAIN_SELF = YES;
				CLANG_WARN_OBJC_LITERAL_CONVERSION = YES;
				CLANG_WARN_OBJC_ROOT_CLASS = YES_ERROR;
				CLANG_WARN_QUOTED_INCLUDE_IN_FRAMEWORK_HEADER = YES;
				CLANG_WARN_RANGE_LOOP_ANALYSIS = YES;
				CLANG_WARN_STRICT_PROTOTYPES = YES;
				CLANG_WARN_SUSPICIOUS_MOVE = YES;
				CLANG_WARN_UNGUARDED_AVAILABILITY = YES_AGGRESSIVE;
				CLANG_WARN_UNREACHABLE_CODE = YES;
				CLANG_WARN__DUPLICATE_METHOD_MATCH = YES;
				COPY_PHASE_STRIP = NO;
				DEBUG_INFORMATION_FORMAT = "dwarf-with-dsym";
				ENABLE_NS_ASSERTIONS = NO;
				ENABLE_STRICT_OBJC_MSGSEND = YES;
				ENABLE_USER_SCRIPT_SANDBOXING = YES;
				GCC_C_LANGUAGE_STANDARD = gnu17;
				GCC_NO_COMMON_BLOCKS = YES;
				GCC_WARN_64_TO_32_BIT_CONVERSION = YES;
				GCC_WARN_ABOUT_RETURN_TYPE = YES_ERROR;
				GCC_WARN_UNDECLARED_SELECTOR = YES;
				GCC_WARN_UNINITIALIZED_AUTOS = YES_AGGRESSIVE;
				GCC_WARN_UNUSED_FUNCTION = YES;
				GCC_WARN_UNUSED_VARIABLE = YES;
				IPHONEOS_DEPLOYMENT_TARGET = 17.5;
				LOCALIZATION_PREFERS_STRING_CATALOGS = YES;
				MTL_ENABLE_DEBUG_INFO = NO;
				MTL_FAST_MATH = YES;
				SDKROOT = iphoneos;
				SWIFT_COMPILATION_MODE = wholemodule;
				VALIDATE_PRODUCT = YES;
			};
			name = Release;
		};
		39E5CB812CAB50F800EE9FA1 /* Debug */ = {
			isa = XCBuildConfiguration;
			buildSettings = {
				ASSETCATALOG_COMPILER_APPICON_NAME = AppIcon;
				ASSETCATALOG_COMPILER_GLOBAL_ACCENT_COLOR_NAME = AccentColor;
				CODE_SIGN_STYLE = Automatic;
				CURRENT_PROJECT_VERSION = 1;
				DEVELOPMENT_ASSET_PATHS = "\"MusicComposerApp/Preview Content\"";
				ENABLE_PREVIEWS = YES;
				GENERATE_INFOPLIST_FILE = YES;
				INFOPLIST_KEY_UIApplicationSceneManifest_Generation = YES;
				INFOPLIST_KEY_UIApplicationSupportsIndirectInputEvents = YES;
				INFOPLIST_KEY_UILaunchScreen_Generation = YES;
				INFOPLIST_KEY_UISupportedInterfaceOrientations_iPad = "UIInterfaceOrientationPortrait UIInterfaceOrientationPortraitUpsideDown UIInterfaceOrientationLandscapeLeft UIInterfaceOrientationLandscapeRight";
				INFOPLIST_KEY_UISupportedInterfaceOrientations_iPhone = "UIInterfaceOrientationPortrait UIInterfaceOrientationLandscapeLeft UIInterfaceOrientationLandscapeRight";
				LD_RUNPATH_SEARCH_PATHS = (
					"$(inherited)",
					"@executable_path/Frameworks",
				);
				MARKETING_VERSION = 1.0;
				PRODUCT_BUNDLE_IDENTIFIER = com.sumaita.MusicComposerApp.MusicComposerApp;
				PRODUCT_NAME = "$(TARGET_NAME)";
				SWIFT_EMIT_LOC_STRINGS = YES;
				SWIFT_VERSION = 5.0;
				TARGETED_DEVICE_FAMILY = "1,2";
			};
			name = Debug;
		};
		39E5CB822CAB50F800EE9FA1 /* Release */ = {
			isa = XCBuildConfiguration;
			buildSettings = {
				ASSETCATALOG_COMPILER_APPICON_NAME = AppIcon;
				ASSETCATALOG_COMPILER_GLOBAL_ACCENT_COLOR_NAME = AccentColor;
				CODE_SIGN_STYLE = Automatic;
				CURRENT_PROJECT_VERSION = 1;
				DEVELOPMENT_ASSET_PATHS = "\"MusicComposerApp/Preview Content\"";
				ENABLE_PREVIEWS = YES;
				GENERATE_INFOPLIST_FILE = YES;
				INFOPLIST_KEY_UIApplicationSceneManifest_Generation = YES;
				INFOPLIST_KEY_UIApplicationSupportsIndirectInputEvents = YES;
				INFOPLIST_KEY_UILaunchScreen_Generation = YES;
				INFOPLIST_KEY_UISupportedInterfaceOrientations_iPad = "UIInterfaceOrientationPortrait UIInterfaceOrientationPortraitUpsideDown UIInterfaceOrientationLandscapeLeft UIInterfaceOrientationLandscapeRight";
				INFOPLIST_KEY_UISupportedInterfaceOrientations_iPhone = "UIInterfaceOrientationPortrait UIInterfaceOrientationLandscapeLeft UIInterfaceOrientationLandscapeRight";
				LD_RUNPATH_SEARCH_PATHS = (
					"$(inherited)",
					"@executable_path/Frameworks",
				);
				MARKETING_VERSION = 1.0;
				PRODUCT_BUNDLE_IDENTIFIER = com.sumaita.MusicComposerApp.MusicComposerApp;
				PRODUCT_NAME = "$(TARGET_NAME)";
				SWIFT_EMIT_LOC_STRINGS = YES;
				SWIFT_VERSION = 5.0;
				TARGETED_DEVICE_FAMILY = "1,2";
			};
			name = Release;
		};
		39E5CB842CAB50F800EE9FA1 /* Debug */ = {
			isa = XCBuildConfiguration;
			buildSettings = {
				ALWAYS_EMBED_SWIFT_STANDARD_LIBRARIES = YES;
				BUNDLE_LOADER = "$(TEST_HOST)";
				CODE_SIGN_STYLE = Automatic;
				CURRENT_PROJECT_VERSION = 1;
				GENERATE_INFOPLIST_FILE = YES;
				IPHONEOS_DEPLOYMENT_TARGET = 17.5;
				MARKETING_VERSION = 1.0;
				PRODUCT_BUNDLE_IDENTIFIER = com.sumaita.MusicComposerApp.MusicComposerAppTests;
				PRODUCT_NAME = "$(TARGET_NAME)";
				SWIFT_EMIT_LOC_STRINGS = NO;
				SWIFT_VERSION = 5.0;
				TARGETED_DEVICE_FAMILY = "1,2";
				TEST_HOST = "$(BUILT_PRODUCTS_DIR)/MusicComposerApp.app/$(BUNDLE_EXECUTABLE_FOLDER_PATH)/MusicComposerApp";
			};
			name = Debug;
		};
		39E5CB852CAB50F800EE9FA1 /* Release */ = {
			isa = XCBuildConfiguration;
			buildSettings = {
				ALWAYS_EMBED_SWIFT_STANDARD_LIBRARIES = YES;
				BUNDLE_LOADER = "$(TEST_HOST)";
				CODE_SIGN_STYLE = Automatic;
				CURRENT_PROJECT_VERSION = 1;
				GENERATE_INFOPLIST_FILE = YES;
				IPHONEOS_DEPLOYMENT_TARGET = 17.5;
				MARKETING_VERSION = 1.0;
				PRODUCT_BUNDLE_IDENTIFIER = com.sumaita.MusicComposerApp.MusicComposerAppTests;
				PRODUCT_NAME = "$(TARGET_NAME)";
				SWIFT_EMIT_LOC_STRINGS = NO;
				SWIFT_VERSION = 5.0;
				TARGETED_DEVICE_FAMILY = "1,2";
				TEST_HOST = "$(BUILT_PRODUCTS_DIR)/MusicComposerApp.app/$(BUNDLE_EXECUTABLE_FOLDER_PATH)/MusicComposerApp";
			};
			name = Release;
		};
		39E5CB872CAB50F800EE9FA1 /* Debug */ = {
			isa = XCBuildConfiguration;
			buildSettings = {
				ALWAYS_EMBED_SWIFT_STANDARD_LIBRARIES = YES;
				CODE_SIGN_STYLE = Automatic;
				CURRENT_PROJECT_VERSION = 1;
				GENERATE_INFOPLIST_FILE = YES;
				MARKETING_VERSION = 1.0;
				PRODUCT_BUNDLE_IDENTIFIER = com.sumaita.MusicComposerApp.MusicComposerAppUITests;
				PRODUCT_NAME = "$(TARGET_NAME)";
				SWIFT_EMIT_LOC_STRINGS = NO;
				SWIFT_VERSION = 5.0;
				TARGETED_DEVICE_FAMILY = "1,2";
				TEST_TARGET_NAME = MusicComposerApp;
			};
			name = Debug;
		};
		39E5CB882CAB50F800EE9FA1 /* Release */ = {
			isa = XCBuildConfiguration;
			buildSettings = {
				ALWAYS_EMBED_SWIFT_STANDARD_LIBRARIES = YES;
				CODE_SIGN_STYLE = Automatic;
				CURRENT_PROJECT_VERSION = 1;
				GENERATE_INFOPLIST_FILE = YES;
				MARKETING_VERSION = 1.0;
				PRODUCT_BUNDLE_IDENTIFIER = com.sumaita.MusicComposerApp.MusicComposerAppUITests;
				PRODUCT_NAME = "$(TARGET_NAME)";
				SWIFT_EMIT_LOC_STRINGS = NO;
				SWIFT_VERSION = 5.0;
				TARGETED_DEVICE_FAMILY = "1,2";
				TEST_TARGET_NAME = MusicComposerApp;
			};
			name = Release;
		};
/* End XCBuildConfiguration section */

/* Begin XCConfigurationList section */
		39E5CB572CAB50F600EE9FA1 /* Build configuration list for PBXProject "MusicComposerApp" */ = {
			isa = XCConfigurationList;
			buildConfigurations = (
				39E5CB7E2CAB50F800EE9FA1 /* Debug */,
				39E5CB7F2CAB50F800EE9FA1 /* Release */,
			);
			defaultConfigurationIsVisible = 0;
			defaultConfigurationName = Release;
		};
		39E5CB802CAB50F800EE9FA1 /* Build configuration list for PBXNativeTarget "MusicComposerApp" */ = {
			isa = XCConfigurationList;
			buildConfigurations = (
				39E5CB812CAB50F800EE9FA1 /* Debug */,
				39E5CB822CAB50F800EE9FA1 /* Release */,
			);
			defaultConfigurationIsVisible = 0;
			defaultConfigurationName = Release;
		};
		39E5CB832CAB50F800EE9FA1 /* Build configuration list for PBXNativeTarget "MusicComposerAppTests" */ = {
			isa = XCConfigurationList;
			buildConfigurations = (
				39E5CB842CAB50F800EE9FA1 /* Debug */,
				39E5CB852CAB50F800EE9FA1 /* Release */,
			);
			defaultConfigurationIsVisible = 0;
			defaultConfigurationName = Release;
		};
		39E5CB862CAB50F800EE9FA1 /* Build configuration list for PBXNativeTarget "MusicComposerAppUITests" */ = {
			isa = XCConfigurationList;
			buildConfigurations = (
				39E5CB872CAB50F800EE9FA1 /* Debug */,
				39E5CB882CAB50F800EE9FA1 /* Release */,
			);
			defaultConfigurationIsVisible = 0;
			defaultConfigurationName = Release;
		};
/* End XCConfigurationList section */
	};
	rootObject = 39E5CB542CAB50F600EE9FA1 /* Project object */;
}
